
Microsoft Visual Studio Solution File, Format Version 12.00
# Visual Studio Version 16
VisualStudioVersion = 25.0.1704.5
MinimumVisualStudioVersion = 10.0.40219.1
Project("{FAE04EC0-301F-11D3-BF4B-00C04F79EFBC}") = "FFAuctionBroker", "FFAuctionBroker\FFAuctionBroker.csproj", "{A8B28A5E-5EE4-40F4-AE65-CAFC0B24088A}"
EndProject
Project("{FAE04EC0-301F-11D3-BF4B-00C04F79EFBC}") = "FFAuctionBrokerLib", "FFAuctionBrokerLib\FFAuctionBrokerLib.csproj", "{91EC64B3-CC8C-4D72-9B2B-A05824C28283}"
EndProject
Global
	GlobalSection(SolutionConfigurationPlatforms) = preSolution
		Debug|Any CPU = Debug|Any CPU
		Release|Any CPU = Release|Any CPU
	EndGlobalSection
	GlobalSection(ProjectConfigurationPlatforms) = postSolution
		{A8B28A5E-5EE4-40F4-AE65-CAFC0B24088A}.Debug|Any CPU.ActiveCfg = Debug|Any CPU
		{A8B28A5E-5EE4-40F4-AE65-CAFC0B24088A}.Debug|Any CPU.Build.0 = Debug|Any CPU
		{A8B28A5E-5EE4-40F4-AE65-CAFC0B24088A}.Release|Any CPU.ActiveCfg = Release|Any CPU
		{A8B28A5E-5EE4-40F4-AE65-CAFC0B24088A}.Release|Any CPU.Build.0 = Release|Any CPU
		{91EC64B3-CC8C-4D72-9B2B-A05824C28283}.Debug|Any CPU.ActiveCfg = Debug|Any CPU
		{91EC64B3-CC8C-4D72-9B2B-A05824C28283}.Debug|Any CPU.Build.0 = Debug|Any CPU
		{91EC64B3-CC8C-4D72-9B2B-A05824C28283}.Release|Any CPU.ActiveCfg = Release|Any CPU
		{91EC64B3-CC8C-4D72-9B2B-A05824C28283}.Release|Any CPU.Build.0 = Release|Any CPU
	EndGlobalSection
	GlobalSection(SolutionProperties) = preSolution
		HideSolutionNode = FALSE
	EndGlobalSection
	GlobalSection(ExtensibilityGlobals) = postSolution
		SolutionGuid = {EC1A478A-6427-47EB-B562-1578B2C5CC08}
	EndGlobalSection
EndGlobal
